
Microsoft Visual Studio Solution File, Format Version 12.00
# Visual Studio Version 17
Project("{8BC9CEB8-8B4A-11D0-8D11-00A0C91BC942}") = "ALL_BUILD", "ALL_BUILD.vcxproj", "{D96AF1BC-CC5E-362F-9EF5-B4329C377D6B}"
	ProjectSection(ProjectDependencies) = postProject
		{D2C7D605-3669-3BEB-AA95-00E1E99FC193} = {D2C7D605-3669-3BEB-AA95-00E1E99FC193}
		{DDC4B635-F110-3C28-B612-A67F7A47A89A} = {DDC4B635-F110-3C28-B612-A67F7A47A89A}
	EndProjectSection
EndProject
Project("{8BC9CEB8-8B4A-11D0-8D11-00A0C91BC942}") = "ZERO_CHECK", "ZERO_CHECK.vcxproj", "{D2C7D605-3669-3BEB-AA95-00E1E99FC193}"
	ProjectSection(ProjectDependencies) = postProject
	EndProjectSection
EndProject
Project("{8BC9CEB8-8B4A-11D0-8D11-00A0C91BC942}") = "main", "main.vcxproj", "{DDC4B635-F110-3C28-B612-A67F7A47A89A}"
	ProjectSection(ProjectDependencies) = postProject
		{D2C7D605-3669-3BEB-AA95-00E1E99FC193} = {D2C7D605-3669-3BEB-AA95-00E1E99FC193}
	EndProjectSection
EndProject
Global
	GlobalSection(SolutionConfigurationPlatforms) = preSolution
		Debug|x64 = Debug|x64
		Release|x64 = Release|x64
		MinSizeRel|x64 = MinSizeRel|x64
		RelWithDebInfo|x64 = RelWithDebInfo|x64
	EndGlobalSection
	GlobalSection(ProjectConfigurationPlatforms) = postSolution
		{D96AF1BC-CC5E-362F-9EF5-B4329C377D6B}.Debug|x64.ActiveCfg = Debug|x64
		{D96AF1BC-CC5E-362F-9EF5-B4329C377D6B}.Release|x64.ActiveCfg = Release|x64
		{D96AF1BC-CC5E-362F-9EF5-B4329C377D6B}.MinSizeRel|x64.ActiveCfg = MinSizeRel|x64
		{D96AF1BC-CC5E-362F-9EF5-B4329C377D6B}.RelWithDebInfo|x64.ActiveCfg = RelWithDebInfo|x64
		{D2C7D605-3669-3BEB-AA95-00E1E99FC193}.Debug|x64.ActiveCfg = Debug|x64
		{D2C7D605-3669-3BEB-AA95-00E1E99FC193}.Debug|x64.Build.0 = Debug|x64
		{D2C7D605-3669-3BEB-AA95-00E1E99FC193}.Release|x64.ActiveCfg = Release|x64
		{D2C7D605-3669-3BEB-AA95-00E1E99FC193}.Release|x64.Build.0 = Release|x64
		{D2C7D605-3669-3BEB-AA95-00E1E99FC193}.MinSizeRel|x64.ActiveCfg = MinSizeRel|x64
		{D2C7D605-3669-3BEB-AA95-00E1E99FC193}.MinSizeRel|x64.Build.0 = MinSizeRel|x64
		{D2C7D605-3669-3BEB-AA95-00E1E99FC193}.RelWithDebInfo|x64.ActiveCfg = RelWithDebInfo|x64
		{D2C7D605-3669-3BEB-AA95-00E1E99FC193}.RelWithDebInfo|x64.Build.0 = RelWithDebInfo|x64
		{DDC4B635-F110-3C28-B612-A67F7A47A89A}.Debug|x64.ActiveCfg = Debug|x64
		{DDC4B635-F110-3C28-B612-A67F7A47A89A}.Debug|x64.Build.0 = Debug|x64
		{DDC4B635-F110-3C28-B612-A67F7A47A89A}.Release|x64.ActiveCfg = Release|x64
		{DDC4B635-F110-3C28-B612-A67F7A47A89A}.Release|x64.Build.0 = Release|x64
		{DDC4B635-F110-3C28-B612-A67F7A47A89A}.MinSizeRel|x64.ActiveCfg = MinSizeRel|x64
		{DDC4B635-F110-3C28-B612-A67F7A47A89A}.MinSizeRel|x64.Build.0 = MinSizeRel|x64
		{DDC4B635-F110-3C28-B612-A67F7A47A89A}.RelWithDebInfo|x64.ActiveCfg = RelWithDebInfo|x64
		{DDC4B635-F110-3C28-B612-A67F7A47A89A}.RelWithDebInfo|x64.Build.0 = RelWithDebInfo|x64
	EndGlobalSection
	GlobalSection(ExtensibilityGlobals) = postSolution
		SolutionGuid = {83DC163E-FAD8-3C69-A6E8-B6B4DCB76EEB}
	EndGlobalSection
	GlobalSection(ExtensibilityAddIns) = postSolution
	EndGlobalSection
EndGlobal
