<?xml version="1.0" encoding="utf-8"?>
<Project ToolsVersion="17.0" xmlns="http://schemas.microsoft.com/developer/msbuild/2003">
  <ItemGroup>
    <ClCompile Include="C:\Users\Chai\Desktop\cpp-test\dll\z2\src\lena-gray.cpp">
      <Filter>Source Files</Filter>
    </ClCompile>
  </ItemGroup>
  <ItemGroup>
    <CustomBuild Include="C:\Users\Chai\Desktop\cpp-test\dll\z2\CMakeLists.txt" />
  </ItemGroup>
  <ItemGroup>
    <Filter Include="Source Files">
      <UniqueIdentifier>{1F6DCE6D-BA6D-3507-9136-51E70FAB2F72}</UniqueIdentifier>
    </Filter>
  </ItemGroup>
</Project>
