<?xml version="1.0" encoding="utf-8"?>
<Project ToolsVersion="17.0" xmlns="http://schemas.microsoft.com/developer/msbuild/2003">
  <ItemGroup>
    <CustomBuild Include="C:\Users\Chai\Desktop\cpp-test\dll\z2\CMakeFiles\a4d9e2ebbd68fa10adea7519f100f792\generate.stamp.rule">
      <Filter>CMake Rules</Filter>
    </CustomBuild>
  </ItemGroup>
  <ItemGroup>
    <Filter Include="CMake Rules">
      <UniqueIdentifier>{778B4F70-AF50-3455-87D9-FB7765FA8E93}</UniqueIdentifier>
    </Filter>
  </ItemGroup>
</Project>
